Microsoft Visual Studio Solution File, Format Version 12.00
# Visual Studio Version 18
VisualStudioVersion = 18.0.11201.2
MinimumVisualStudioVersion = 10.0.40219.1
Project("{2150E333-8FDC-42A3-9474-1A3956D46DE8}") = "01_Application", "01_Application", "{02EA681E-C7D8-13C7-8484-4AC65E1B71E8}"
EndProject
Project("{2150E333-8FDC-42A3-9474-1A3956D46DE8}") = "00_domain", "00_domain", "{4B4304AE-9849-473F-B91D-B4AEBD6E5A64}"
EndProject
Project("{2150E333-8FDC-42A3-9474-1A3956D46DE8}") = "02_Infrastructure", "02_Infrastructure", "{9D3209BD-EDA1-4DF2-B557-882FE8C12351}"
EndProject
Project("{2150E333-8FDC-42A3-9474-1A3956D46DE8}") = "03_Bot", "03_Bot", "{28E4A04F-F57C-48E5-A248-AB24903209DC}"
EndProject
Project("{FAE04EC0-301F-11D3-BF4B-00C04F79EFBC}") = "AiryBotCode.Domain", "AiryBotCode.Domain\AiryBotCode.Domain.csproj", "{C61DB1E9-0F4F-1460-D55E-35953E0FF64E}"
EndProject
Project("{FAE04EC0-301F-11D3-BF4B-00C04F79EFBC}") = "AiryBotCode.Application", "AiryBotCode.Application\AiryBotCode.Application.csproj", "{EBA79085-00FE-60B1-73B2-1A9326128403}"
EndProject
Project("{FAE04EC0-301F-11D3-BF4B-00C04F79EFBC}") = "AiryBotCode.AiryDevBot", "Bots\AiryBotCode.AiryDevBot\AiryBotCode.AiryDevBot.csproj", "{25E95C69-B157-A675-C050-5C2989530BDF}"
EndProject
Project("{FAE04EC0-301F-11D3-BF4B-00C04F79EFBC}") = "AiryBotCode.AiryGuardian", "Bots\AiryBotCode.AiryGuardian\AiryBotCode.AiryGuardian.csproj", "{EBF1601C-574C-4D3E-AFF5-9B9E379308A4}"
EndProject
Project("{FAE04EC0-301F-11D3-BF4B-00C04F79EFBC}") = "AiryBotCode.AiryBot", "Bots\AiryBotCode.AiryBot\AiryBotCode.AiryBot.csproj", "{D903E5A9-3A91-474B-A292-CF24903209DD}"
EndProject
Project("{FAE04EC0-301F-11D3-BF4B-00C04F79EFBC}") = "AiryBotCode.Infrastructure", "AiryBotCode.Infrastructure\AiryBotCode.Infrastructure.csproj", "{67F08F98-D37A-56CD-DD3E-664F3A091C58}"
EndProject
Project("{FAE04EC0-301F-11D3-BF4B-00C04F79EFBC}") = "AiryBotCode.AiryDevSecondBot", "Bots\AiryBotCode.AiryDevSecondBot\AiryBotCode.AiryDevSecondBot.csproj", "{C33CCD1F-DD0D-441E-8F90-F3ED92EDD863}"
EndProject
Project("{FAE04EC0-301F-11D3-BF4B-00C04F79EFBC}") = "AiryBotCode.Launcher", "AiryBotCode.Launcher\AiryBotCode.Launcher.csproj", "{532090AA-85D7-49A8-96D4-69DA433DECDE}"
EndProject
Global
	GlobalSection(SolutionConfigurationPlatforms) = preSolution
		Debug|Any CPU = Debug|Any CPU
		Debug|x64 = Debug|x64
		Debug|x86 = Debug|x86
		Release|Any CPU = Release|Any CPU
		Release|x64 = Release|x64
		Release|x86 = Release|x86
	EndGlobalSection
	GlobalSection(ProjectConfigurationPlatforms) = postSolution
		{C61DB1E9-0F4F-1460-D55E-35953E0FF64E}.Debug|Any CPU.ActiveCfg = Debug|Any CPU
		{C61DB1E9-0F4F-1460-D55E-35953E0FF64E}.Debug|Any CPU.Build.0 = Debug|Any CPU
		{C61DB1E9-0F4F-1460-D55E-35953E0FF64E}.Debug|x64.ActiveCfg = Debug|Any CPU
		{C61DB1E9-0F4F-1460-D55E-35953E0FF64E}.Debug|x64.Build.0 = Debug|Any CPU
		{C61DB1E9-0F4F-1460-D55E-35953E0FF64E}.Debug|x86.ActiveCfg = Debug|Any CPU
		{C61DB1E9-0F4F-1460-D55E-35953E0FF64E}.Debug|x86.Build.0 = Debug|Any CPU
		{C61DB1E9-0F4F-1460-D55E-35953E0FF64E}.Release|Any CPU.ActiveCfg = Release|Any CPU
		{C61DB1E9-0F4F-1460-D55E-35953E0FF64E}.Release|Any CPU.Build.0 = Release|Any CPU
		{C61DB1E9-0F4F-1460-D55E-35953E0FF64E}.Release|x64.ActiveCfg = Release|Any CPU
		{C61DB1E9-0F4F-1460-D55E-35953E0FF64E}.Release|x64.Build.0 = Release|Any CPU
		{C61DB1E9-0F4F-1460-D55E-35953E0FF64E}.Release|x86.ActiveCfg = Release|Any CPU
		{C61DB1E9-0F4F-1460-D55E-35953E0FF64E}.Release|x86.Build.0 = Release|Any CPU
		{EBA79085-00FE-60B1-73B2-1A9326128403}.Debug|Any CPU.ActiveCfg = Debug|Any CPU
		{EBA79085-00FE-60B1-73B2-1A9326128403}.Debug|Any CPU.Build.0 = Debug|Any CPU
		{EBA79085-00FE-60B1-73B2-1A9326128403}.Debug|x64.ActiveCfg = Debug|Any CPU
		{EBA79085-00FE-60B1-73B2-1A9326128403}.Debug|x64.Build.0 = Debug|Any CPU
		{EBA79085-00FE-60B1-73B2-1A9326128403}.Debug|x86.ActiveCfg = Debug|Any CPU
		{EBA79085-00FE-60B1-73B2-1A9326128403}.Debug|x86.Build.0 = Debug|Any CPU
		{EBA79085-00FE-60B1-73B2-1A9326128403}.Release|Any CPU.ActiveCfg = Release|Any CPU
		{EBA79085-00FE-60B1-73B2-1A9326128403}.Release|Any CPU.Build.0 = Release|Any CPU
		{EBA79085-00FE-60B1-73B2-1A9326128403}.Release|x64.ActiveCfg = Release|Any CPU
		{EBA79085-00FE-60B1-73B2-1A9326128403}.Release|x64.Build.0 = Release|Any CPU
		{EBA79085-00FE-60B1-73B2-1A9326128403}.Release|x86.ActiveCfg = Release|Any CPU
		{EBA79085-00FE-60B1-73B2-1A9326128403}.Release|x86.Build.0 = Release|Any CPU
		{25E95C69-B157-A675-C050-5C2989530BDF}.Debug|Any CPU.ActiveCfg = Debug|Any CPU
		{25E95C69-B157-A675-C050-5C2989530BDF}.Debug|Any CPU.Build.0 = Debug|Any CPU
		{25E95C69-B157-A675-C050-5C2989530BDF}.Debug|x64.ActiveCfg = Debug|Any CPU
		{25E95C69-B157-A675-C050-5C2989530BDF}.Debug|x64.Build.0 = Debug|Any CPU
		{25E95C69-B157-A675-C050-5C2989530BDF}.Debug|x86.ActiveCfg = Debug|Any CPU
		{25E95C69-B157-A675-C050-5C2989530BDF}.Debug|x86.Build.0 = Debug|Any CPU
		{25E95C69-B157-A675-C050-5C2989530BDF}.Release|Any CPU.ActiveCfg = Release|Any CPU
		{25E95C69-B157-A675-C050-5C2989530BDF}.Release|Any CPU.Build.0 = Release|Any CPU
		{25E95C69-B157-A675-C050-5C2989530BDF}.Release|x64.ActiveCfg = Release|Any CPU
		{25E95C69-B157-A675-C050-5C2989530BDF}.Release|x64.Build.0 = Release|Any CPU
		{25E95C69-B157-A675-C050-5C2989530BDF}.Release|x86.ActiveCfg = Release|Any CPU
		{25E95C69-B157-A675-C050-5C2989530BDF}.Release|x86.Build.0 = Release|Any CPU
		{EBF1601C-574C-4D3E-AFF5-9B9E379308A4}.Debug|Any CPU.ActiveCfg = Debug|Any CPU
		{EBF1601C-574C-4D3E-AFF5-9B9E379308A4}.Debug|Any CPU.Build.0 = Debug|Any CPU
		{EBF1601C-574C-4D3E-AFF5-9B9E379308A4}.Debug|x64.ActiveCfg = Debug|Any CPU
		{EBF1601C-574C-4D3E-AFF5-9B9E379308A4}.Debug|x64.Build.0 = Debug|Any CPU
		{EBF1601C-574C-4D3E-AFF5-9B9E379308A4}.Debug|x86.ActiveCfg = Debug|Any CPU
		{EBF1601C-574C-4D3E-AFF5-9B9E379308A4}.Debug|x86.Build.0 = Debug|Any CPU
		{EBF1601C-574C-4D3E-AFF5-9B9E379308A4}.Release|Any CPU.ActiveCfg = Release|Any CPU
		{EBF1601C-574C-4D3E-AFF5-9B9E379308A4}.Release|Any CPU.Build.0 = Release|Any CPU
		{EBF1601C-574C-4D3E-AFF5-9B9E379308A4}.Release|x64.ActiveCfg = Release|Any CPU
		{EBF1601C-574C-4D3E-AFF5-9B9E379308A4}.Release|x64.Build.0 = Release|Any CPU
		{EBF1601C-574C-4D3E-AFF5-9B9E379308A4}.Release|x86.ActiveCfg = Release|Any CPU
		{EBF1601C-574C-4D3E-AFF5-9B9E379308A4}.Release|x86.Build.0 = Release|Any CPU
		{D903E5A9-3A91-474B-A292-CF24903209DD}.Debug|Any CPU.ActiveCfg = Debug|Any CPU
		{D903E5A9-3A91-474B-A292-CF24903209DD}.Debug|Any CPU.Build.0 = Debug|Any CPU
		{D903E5A9-3A91-474B-A292-CF24903209DD}.Debug|x64.ActiveCfg = Debug|Any CPU
		{D903E5A9-3A91-474B-A292-CF24903209DD}.Debug|x64.Build.0 = Debug|Any CPU
		{D903E5A9-3A91-474B-A292-CF24903209DD}.Debug|x86.ActiveCfg = Debug|Any CPU
		{D903E5A9-3A91-474B-A292-CF24903209DD}.Debug|x86.Build.0 = Debug|Any CPU
		{D903E5A9-3A91-474B-A292-CF24903209DD}.Release|Any CPU.ActiveCfg = Release|Any CPU
		{D903E5A9-3A91-474B-A292-CF24903209DD}.Release|Any CPU.Build.0 = Release|Any CPU
		{D903E5A9-3A91-474B-A292-CF24903209DD}.Release|x64.ActiveCfg = Release|Any CPU
		{D903E5A9-3A91-474B-A292-CF24903209DD}.Release|x64.Build.0 = Release|Any CPU
		{D903E5A9-3A91-474B-A292-CF24903209DD}.Release|x86.ActiveCfg = Release|Any CPU
		{D903E5A9-3A91-474B-A292-CF24903209DD}.Release|x86.Build.0 = Release|Any CPU
		{67F08F98-D37A-56CD-DD3E-664F3A091C58}.Debug|Any CPU.ActiveCfg = Debug|Any CPU
		{67F08F98-D37A-56CD-DD3E-664F3A091C58}.Debug|Any CPU.Build.0 = Debug|Any CPU
		{67F08F98-D37A-56CD-DD3E-664F3A091C58}.Debug|x64.ActiveCfg = Debug|Any CPU
		{67F08F98-D37A-56CD-DD3E-664F3A091C58}.Debug|x64.Build.0 = Debug|Any CPU
		{67F08F98-D37A-56CD-DD3E-664F3A091C58}.Debug|x86.ActiveCfg = Debug|Any CPU
		{67F08F98-D37A-56CD-DD3E-664F3A091C58}.Debug|x86.Build.0 = Debug|Any CPU
		{67F08F98-D37A-56CD-DD3E-664F3A091C58}.Release|Any CPU.ActiveCfg = Release|Any CPU
		{67F08F98-D37A-56CD-DD3E-664F3A091C58}.Release|Any CPU.Build.0 = Release|Any CPU
		{67F08F98-D37A-56CD-DD3E-664F3A091C58}.Release|x64.ActiveCfg = Release|Any CPU
		{67F08F98-D37A-56CD-DD3E-664F3A091C58}.Release|x64.Build.0 = Release|Any CPU
		{67F08F98-D37A-56CD-DD3E-664F3A091C58}.Release|x86.ActiveCfg = Release|Any CPU
		{67F08F98-D37A-56CD-DD3E-664F3A091C58}.Release|x86.Build.0 = Release|Any CPU
		{C33CCD1F-DD0D-441E-8F90-F3ED92EDD863}.Debug|Any CPU.ActiveCfg = Debug|Any CPU
		{C33CCD1F-DD0D-441E-8F90-F3ED92EDD863}.Debug|Any CPU.Build.0 = Debug|Any CPU
		{C33CCD1F-DD0D-441E-8F90-F3ED92EDD863}.Debug|x64.ActiveCfg = Debug|Any CPU
		{C33CCD1F-DD0D-441E-8F90-F3ED92EDD863}.Debug|x64.Build.0 = Debug|Any CPU
		{C33CCD1F-DD0D-441E-8F90-F3ED92EDD863}.Debug|x86.ActiveCfg = Debug|Any CPU
		{C33CCD1F-DD0D-441E-8F90-F3ED92EDD863}.Debug|x86.Build.0 = Debug|Any CPU
		{C33CCD1F-DD0D-441E-8F90-F3ED92EDD863}.Release|Any CPU.ActiveCfg = Release|Any CPU
		{C33CCD1F-DD0D-441E-8F90-F3ED92EDD863}.Release|Any CPU.Build.0 = Release|Any CPU
		{C33CCD1F-DD0D-441E-8F90-F3ED92EDD863}.Release|x64.ActiveCfg = Release|Any CPU
		{C33CCD1F-DD0D-441E-8F90-F3ED92EDD863}.Release|x64.Build.0 = Release|Any CPU
		{C33CCD1F-DD0D-441E-8F90-F3ED92EDD863}.Release|x86.ActiveCfg = Release|Any CPU
		{C33CCD1F-DD0D-441E-8F90-F3ED92EDD863}.Release|x86.Build.0 = Release|Any CPU
		{532090AA-85D7-49A8-96D4-69DA433DECDE}.Debug|Any CPU.ActiveCfg = Debug|Any CPU
		{532090AA-85D7-49A8-96D4-69DA433DECDE}.Debug|Any CPU.Build.0 = Debug|Any CPU
		{532090AA-85D7-49A8-96D4-69DA433DECDE}.Debug|x64.ActiveCfg = Debug|Any CPU
		{532090AA-85D7-49A8-96D4-69DA433DECDE}.Debug|x64.Build.0 = Debug|Any CPU
		{532090AA-85D7-49A8-96D4-69DA433DECDE}.Debug|x86.ActiveCfg = Debug|Any CPU
		{532090AA-85D7-49A8-96D4-69DA433DECDE}.Debug|x86.Build.0 = Debug|Any CPU
		{532090AA-85D7-49A8-96D4-69DA433DECDE}.Release|Any CPU.ActiveCfg = Release|Any CPU
		{532090AA-85D7-49A8-96D4-69DA433DECDE}.Release|Any CPU.Build.0 = Release|Any CPU
		{532090AA-85D7-49A8-96D4-69DA433DECDE}.Release|x64.ActiveCfg = Release|Any CPU
		{532090AA-85D7-49A8-96D4-69DA433DECDE}.Release|x64.Build.0 = Release|Any CPU
		{532090AA-85D7-49A8-96D4-69DA433DECDE}.Release|x86.ActiveCfg = Release|Any CPU
		{532090AA-85D7-49A8-96D4-69DA433DECDE}.Release|x86.Build.0 = Release|Any CPU
	EndGlobalSection
	GlobalSection(SolutionProperties) = preSolution
		HideSolutionNode = FALSE
	EndGlobalSection
	GlobalSection(NestedProjects) = preSolution
		{C61DB1E9-0F4F-1460-D55E-35953E0FF64E} = {4B4304AE-9849-473F-B91D-B4AEBD6E5A64}
		{EBA79085-00FE-60B1-73B2-1A9326128403} = {02EA681E-C7D8-13C7-8484-4AC65E1B71E8}
		{25E95C69-B157-A675-C050-5C2989530BDF} = {28E4A04F-F57C-48E5-A248-AB24903209DC}
		{EBF1601C-574C-4D3E-AFF5-9B9E379308A4} = {28E4A04F-F57C-48E5-A248-AB24903209DC}
		{D903E5A9-3A91-474B-A292-CF24903209DD} = {28E4A04F-F57C-48E5-A248-AB24903209DC}
		{67F08F98-D37A-56CD-DD3E-664F3A091C58} = {9D3209BD-EDA1-4DF2-B557-882FE8C12351}
		{C33CCD1F-DD0D-441E-8F90-F3ED92EDD863} = {28E4A04F-F57C-48E5-A248-AB24903209DC}
	EndGlobalSection
	GlobalSection(ExtensibilityGlobals) = postSolution
		SolutionGuid = {B18C5258-3806-44AA-B477-7ED1432B3596}
	EndGlobalSection
EndGlobal
